
Microsoft Visual Studio Solution File, Format Version 12.00
Project("{FAE04EC0-301F-11D3-BF4B-00C04F79EFBC}") = "Dfe.Spi.GraphQlApi.Functions", "Dfe.Spi.GraphQlApi.Functions\Dfe.Spi.GraphQlApi.Functions.csproj", "{59443D29-ACA2-469D-959F-5BBA483FE176}"
EndProject
Project("{FAE04EC0-301F-11D3-BF4B-00C04F79EFBC}") = "Dfe.Spi.GraphQlApi.Application", "Dfe.Spi.GraphQlApi.Application\Dfe.Spi.GraphQlApi.Application.csproj", "{08E9EE1A-6FF1-4DA2-9751-6185FAEA72D6}"
EndProject
Project("{FAE04EC0-301F-11D3-BF4B-00C04F79EFBC}") = "Dfe.Spi.GraphQlApi.Domain", "Dfe.Spi.GraphQlApi.Domain\Dfe.Spi.GraphQlApi.Domain.csproj", "{BE62C4CF-4F4E-4707-AA2D-A2E1756EA802}"
EndProject
Project("{2150E333-8FDC-42A3-9474-1A3956D46DE8}") = "Tests", "Tests", "{974B2A5B-6100-49EF-960A-9A2E68FB5FCB}"
EndProject
Project("{FAE04EC0-301F-11D3-BF4B-00C04F79EFBC}") = "Dfe.Spi.GraphQlApi.Domain.UnitTests", "Dfe.Spi.GraphQlApi.Domain.UnitTests\Dfe.Spi.GraphQlApi.Domain.UnitTests.csproj", "{79CDCB7A-124A-4678-99B8-E87596DE6B12}"
EndProject
Project("{2150E333-8FDC-42A3-9474-1A3956D46DE8}") = "Deploy", "Deploy", "{A8B12E16-896C-4F68-9670-E73990E1D4EE}"
EndProject
Project("{2150E333-8FDC-42A3-9474-1A3956D46DE8}") = "Build", "Build", "{330BC72B-32FA-4051-AE7B-34E914DCCEB4}"
ProjectSection(SolutionItems) = preProject
	..\pipelines\build.yml = ..\pipelines\build.yml
EndProjectSection
EndProject
Project("{FAE04EC0-301F-11D3-BF4B-00C04F79EFBC}") = "Dfe.Spi.GraphQlApi.Infrastructure.SearchApi", "Dfe.Spi.GraphQlApi.Infrastructure.SearchApi\Dfe.Spi.GraphQlApi.Infrastructure.SearchApi.csproj", "{4ABD98BD-EC18-4A8D-8157-CE93A3782DC7}"
EndProject
Project("{FAE04EC0-301F-11D3-BF4B-00C04F79EFBC}") = "Dfe.Spi.GraphQlApi.Application.UnitTests", "Dfe.Spi.GraphQlApi.Application.UnitTests\Dfe.Spi.GraphQlApi.Application.UnitTests.csproj", "{8325E699-E84B-4A62-A52D-664AD0139FDA}"
EndProject
Project("{FAE04EC0-301F-11D3-BF4B-00C04F79EFBC}") = "Dfe.Spi.GraphQlApi.Infrastructure.SearchApi.UnitTests", "Dfe.Spi.GraphQlApi.Infrastructure.SearchApi.UnitTests\Dfe.Spi.GraphQlApi.Infrastructure.SearchApi.UnitTests.csproj", "{115315D9-1BD5-4982-8532-16CC2B7C8891}"
EndProject
Project("{FAE04EC0-301F-11D3-BF4B-00C04F79EFBC}") = "Dfe.Spi.GraphQlApi.Infrastructure.SquasherApi", "Dfe.Spi.GraphQlApi.Infrastructure.SquasherApi\Dfe.Spi.GraphQlApi.Infrastructure.SquasherApi.csproj", "{0982790F-F10B-4790-A486-6BF3EC85FA6E}"
EndProject
Project("{FAE04EC0-301F-11D3-BF4B-00C04F79EFBC}") = "Dfe.Spi.GraphQlApi.Infrastructure.SquasherApi.UnitTests", "Dfe.Spi.GraphQlApi.Infrastructure.SquasherApi.UnitTests\Dfe.Spi.GraphQlApi.Infrastructure.SquasherApi.UnitTests.csproj", "{8560E1D3-2F0A-4B22-83EA-D29B93A5CDFB}"
EndProject
Project("{2150E333-8FDC-42A3-9474-1A3956D46DE8}") = "Release", "Release", "{09FFE760-7A04-408F-B05F-B434FDAFB69D}"
ProjectSection(SolutionItems) = preProject
	..\azure\template.json = ..\azure\template.json
EndProjectSection
EndProject
Project("{FAE04EC0-301F-11D3-BF4B-00C04F79EFBC}") = "Dfe.Spi.GraphQlApi.Infrastructure.RegistryApi", "Dfe.Spi.GraphQlApi.Infrastructure.RegistryApi\Dfe.Spi.GraphQlApi.Infrastructure.RegistryApi.csproj", "{4FF4B32B-2DBE-46C8-A026-50C21D6E2EB8}"
EndProject
Project("{FAE04EC0-301F-11D3-BF4B-00C04F79EFBC}") = "Dfe.Spi.GraphQlApi.Infrastructure.RegistryApi.UnitTests", "Dfe.Spi.GraphQlApi.Infrastructure.RegistryApi.UnitTests\Dfe.Spi.GraphQlApi.Infrastructure.RegistryApi.UnitTests.csproj", "{F829EB6C-5939-4BA7-ABA5-8B451AC1FBBF}"
EndProject
Project("{FAE04EC0-301F-11D3-BF4B-00C04F79EFBC}") = "Dfe.Spi.GraphQlApi.Infrastructure.TranslatorApi", "Dfe.Spi.GraphQlApi.Infrastructure.TranslatorApi\Dfe.Spi.GraphQlApi.Infrastructure.TranslatorApi.csproj", "{71B1DA10-7640-4381-AB39-530A42EC598E}"
EndProject
Project("{FAE04EC0-301F-11D3-BF4B-00C04F79EFBC}") = "Dfe.Spi.GraphQlApi.Infrastructure.TranslatorApi.UnitTests", "Dfe.Spi.GraphQlApi.Infrastructure.TranslatorApi.UnitTests\Dfe.Spi.GraphQlApi.Infrastructure.TranslatorApi.UnitTests.csproj", "{762FADE7-946C-4206-BDB9-11DE9509DE22}"
EndProject
Project("{2150E333-8FDC-42A3-9474-1A3956D46DE8}") = "EAPIM", "EAPIM", "{D7DE663F-EC73-4DEC-A408-FAF76B6501EC}"
ProjectSection(SolutionItems) = preProject
	..\eapim\name-values.csv = ..\eapim\name-values.csv
	..\eapim\policy.xml = ..\eapim\policy.xml
	..\eapim\swagger.json = ..\eapim\swagger.json
EndProjectSection
EndProject
Global
	GlobalSection(SolutionConfigurationPlatforms) = preSolution
		Debug|Any CPU = Debug|Any CPU
		Release|Any CPU = Release|Any CPU
	EndGlobalSection
	GlobalSection(ProjectConfigurationPlatforms) = postSolution
		{59443D29-ACA2-469D-959F-5BBA483FE176}.Debug|Any CPU.ActiveCfg = Debug|Any CPU
		{59443D29-ACA2-469D-959F-5BBA483FE176}.Debug|Any CPU.Build.0 = Debug|Any CPU
		{59443D29-ACA2-469D-959F-5BBA483FE176}.Release|Any CPU.ActiveCfg = Release|Any CPU
		{59443D29-ACA2-469D-959F-5BBA483FE176}.Release|Any CPU.Build.0 = Release|Any CPU
		{08E9EE1A-6FF1-4DA2-9751-6185FAEA72D6}.Debug|Any CPU.ActiveCfg = Debug|Any CPU
		{08E9EE1A-6FF1-4DA2-9751-6185FAEA72D6}.Debug|Any CPU.Build.0 = Debug|Any CPU
		{08E9EE1A-6FF1-4DA2-9751-6185FAEA72D6}.Release|Any CPU.ActiveCfg = Release|Any CPU
		{08E9EE1A-6FF1-4DA2-9751-6185FAEA72D6}.Release|Any CPU.Build.0 = Release|Any CPU
		{BE62C4CF-4F4E-4707-AA2D-A2E1756EA802}.Debug|Any CPU.ActiveCfg = Debug|Any CPU
		{BE62C4CF-4F4E-4707-AA2D-A2E1756EA802}.Debug|Any CPU.Build.0 = Debug|Any CPU
		{BE62C4CF-4F4E-4707-AA2D-A2E1756EA802}.Release|Any CPU.ActiveCfg = Release|Any CPU
		{BE62C4CF-4F4E-4707-AA2D-A2E1756EA802}.Release|Any CPU.Build.0 = Release|Any CPU
		{79CDCB7A-124A-4678-99B8-E87596DE6B12}.Debug|Any CPU.ActiveCfg = Debug|Any CPU
		{79CDCB7A-124A-4678-99B8-E87596DE6B12}.Debug|Any CPU.Build.0 = Debug|Any CPU
		{79CDCB7A-124A-4678-99B8-E87596DE6B12}.Release|Any CPU.ActiveCfg = Release|Any CPU
		{79CDCB7A-124A-4678-99B8-E87596DE6B12}.Release|Any CPU.Build.0 = Release|Any CPU
		{4ABD98BD-EC18-4A8D-8157-CE93A3782DC7}.Debug|Any CPU.ActiveCfg = Debug|Any CPU
		{4ABD98BD-EC18-4A8D-8157-CE93A3782DC7}.Debug|Any CPU.Build.0 = Debug|Any CPU
		{4ABD98BD-EC18-4A8D-8157-CE93A3782DC7}.Release|Any CPU.ActiveCfg = Release|Any CPU
		{4ABD98BD-EC18-4A8D-8157-CE93A3782DC7}.Release|Any CPU.Build.0 = Release|Any CPU
		{8325E699-E84B-4A62-A52D-664AD0139FDA}.Debug|Any CPU.ActiveCfg = Debug|Any CPU
		{8325E699-E84B-4A62-A52D-664AD0139FDA}.Debug|Any CPU.Build.0 = Debug|Any CPU
		{8325E699-E84B-4A62-A52D-664AD0139FDA}.Release|Any CPU.ActiveCfg = Release|Any CPU
		{8325E699-E84B-4A62-A52D-664AD0139FDA}.Release|Any CPU.Build.0 = Release|Any CPU
		{115315D9-1BD5-4982-8532-16CC2B7C8891}.Debug|Any CPU.ActiveCfg = Debug|Any CPU
		{115315D9-1BD5-4982-8532-16CC2B7C8891}.Debug|Any CPU.Build.0 = Debug|Any CPU
		{115315D9-1BD5-4982-8532-16CC2B7C8891}.Release|Any CPU.ActiveCfg = Release|Any CPU
		{115315D9-1BD5-4982-8532-16CC2B7C8891}.Release|Any CPU.Build.0 = Release|Any CPU
		{0982790F-F10B-4790-A486-6BF3EC85FA6E}.Debug|Any CPU.ActiveCfg = Debug|Any CPU
		{0982790F-F10B-4790-A486-6BF3EC85FA6E}.Debug|Any CPU.Build.0 = Debug|Any CPU
		{0982790F-F10B-4790-A486-6BF3EC85FA6E}.Release|Any CPU.ActiveCfg = Release|Any CPU
		{0982790F-F10B-4790-A486-6BF3EC85FA6E}.Release|Any CPU.Build.0 = Release|Any CPU
		{8560E1D3-2F0A-4B22-83EA-D29B93A5CDFB}.Debug|Any CPU.ActiveCfg = Debug|Any CPU
		{8560E1D3-2F0A-4B22-83EA-D29B93A5CDFB}.Debug|Any CPU.Build.0 = Debug|Any CPU
		{8560E1D3-2F0A-4B22-83EA-D29B93A5CDFB}.Release|Any CPU.ActiveCfg = Release|Any CPU
		{8560E1D3-2F0A-4B22-83EA-D29B93A5CDFB}.Release|Any CPU.Build.0 = Release|Any CPU
		{4FF4B32B-2DBE-46C8-A026-50C21D6E2EB8}.Debug|Any CPU.ActiveCfg = Debug|Any CPU
		{4FF4B32B-2DBE-46C8-A026-50C21D6E2EB8}.Debug|Any CPU.Build.0 = Debug|Any CPU
		{4FF4B32B-2DBE-46C8-A026-50C21D6E2EB8}.Release|Any CPU.ActiveCfg = Release|Any CPU
		{4FF4B32B-2DBE-46C8-A026-50C21D6E2EB8}.Release|Any CPU.Build.0 = Release|Any CPU
		{F829EB6C-5939-4BA7-ABA5-8B451AC1FBBF}.Debug|Any CPU.ActiveCfg = Debug|Any CPU
		{F829EB6C-5939-4BA7-ABA5-8B451AC1FBBF}.Debug|Any CPU.Build.0 = Debug|Any CPU
		{F829EB6C-5939-4BA7-ABA5-8B451AC1FBBF}.Release|Any CPU.ActiveCfg = Release|Any CPU
		{F829EB6C-5939-4BA7-ABA5-8B451AC1FBBF}.Release|Any CPU.Build.0 = Release|Any CPU
		{71B1DA10-7640-4381-AB39-530A42EC598E}.Debug|Any CPU.ActiveCfg = Debug|Any CPU
		{71B1DA10-7640-4381-AB39-530A42EC598E}.Debug|Any CPU.Build.0 = Debug|Any CPU
		{71B1DA10-7640-4381-AB39-530A42EC598E}.Release|Any CPU.ActiveCfg = Release|Any CPU
		{71B1DA10-7640-4381-AB39-530A42EC598E}.Release|Any CPU.Build.0 = Release|Any CPU
		{762FADE7-946C-4206-BDB9-11DE9509DE22}.Debug|Any CPU.ActiveCfg = Debug|Any CPU
		{762FADE7-946C-4206-BDB9-11DE9509DE22}.Debug|Any CPU.Build.0 = Debug|Any CPU
		{762FADE7-946C-4206-BDB9-11DE9509DE22}.Release|Any CPU.ActiveCfg = Release|Any CPU
		{762FADE7-946C-4206-BDB9-11DE9509DE22}.Release|Any CPU.Build.0 = Release|Any CPU
	EndGlobalSection
	GlobalSection(NestedProjects) = preSolution
		{79CDCB7A-124A-4678-99B8-E87596DE6B12} = {974B2A5B-6100-49EF-960A-9A2E68FB5FCB}
		{330BC72B-32FA-4051-AE7B-34E914DCCEB4} = {A8B12E16-896C-4F68-9670-E73990E1D4EE}
		{8325E699-E84B-4A62-A52D-664AD0139FDA} = {974B2A5B-6100-49EF-960A-9A2E68FB5FCB}
		{115315D9-1BD5-4982-8532-16CC2B7C8891} = {974B2A5B-6100-49EF-960A-9A2E68FB5FCB}
		{8560E1D3-2F0A-4B22-83EA-D29B93A5CDFB} = {974B2A5B-6100-49EF-960A-9A2E68FB5FCB}
		{09FFE760-7A04-408F-B05F-B434FDAFB69D} = {A8B12E16-896C-4F68-9670-E73990E1D4EE}
		{F829EB6C-5939-4BA7-ABA5-8B451AC1FBBF} = {974B2A5B-6100-49EF-960A-9A2E68FB5FCB}
		{762FADE7-946C-4206-BDB9-11DE9509DE22} = {974B2A5B-6100-49EF-960A-9A2E68FB5FCB}
		{D7DE663F-EC73-4DEC-A408-FAF76B6501EC} = {A8B12E16-896C-4F68-9670-E73990E1D4EE}
	EndGlobalSection
EndGlobal
